
Microsoft Visual Studio Solution File, Format Version 12.00
# Visual Studio 15
VisualStudioVersion = 15.0.28307.1340
MinimumVisualStudioVersion = 10.0.40219.1
Project("{FAE04EC0-301F-11D3-BF4B-00C04F79EFBC}") = "wpf-animatedimage", "wpf-animatedimage.csproj", "{0E29EC45-A58C-476B-986B-5015527E63E2}"
EndProject
Project("{FAE04EC0-301F-11D3-BF4B-00C04F79EFBC}") = "QAnimatedPNG", "APNG\QAnimatedPNG\QAnimatedPNG.csproj", "{E45EAD4E-AEAA-47A6-95BE-544B59BA0BD1}"
EndProject
Global
	GlobalSection(SolutionConfigurationPlatforms) = preSolution
		Debug|Any CPU = Debug|Any CPU
		Release|Any CPU = Release|Any CPU
	EndGlobalSection
	GlobalSection(ProjectConfigurationPlatforms) = postSolution
		{0E29EC45-A58C-476B-986B-5015527E63E2}.Debug|Any CPU.ActiveCfg = Debug|Any CPU
		{0E29EC45-A58C-476B-986B-5015527E63E2}.Debug|Any CPU.Build.0 = Debug|Any CPU
		{0E29EC45-A58C-476B-986B-5015527E63E2}.Release|Any CPU.ActiveCfg = Release|Any CPU
		{0E29EC45-A58C-476B-986B-5015527E63E2}.Release|Any CPU.Build.0 = Release|Any CPU
		{E45EAD4E-AEAA-47A6-95BE-544B59BA0BD1}.Debug|Any CPU.ActiveCfg = Debug|Any CPU
		{E45EAD4E-AEAA-47A6-95BE-544B59BA0BD1}.Debug|Any CPU.Build.0 = Debug|Any CPU
		{E45EAD4E-AEAA-47A6-95BE-544B59BA0BD1}.Release|Any CPU.ActiveCfg = Release|Any CPU
		{E45EAD4E-AEAA-47A6-95BE-544B59BA0BD1}.Release|Any CPU.Build.0 = Release|Any CPU
	EndGlobalSection
	GlobalSection(SolutionProperties) = preSolution
		HideSolutionNode = FALSE
	EndGlobalSection
	GlobalSection(ExtensibilityGlobals) = postSolution
		SolutionGuid = {C47412C6-76AE-4D0B-8961-9C0068229DA0}
	EndGlobalSection
EndGlobal
